// !$*UTF8*$!
{
	archiveVersion = 1;
	classes = {
	};
	objectVersion = 46;
	objects = {

/* Begin PBXBuildFile section */
		25CFFC5F1A96192600663225 /* AppDelegate.swift in Sources */ = {isa = PBXBuildFile; fileRef = 25CFFC5E1A96192600663225 /* AppDelegate.swift */; };
		25CFFC611A96192600663225 /* ViewController.swift in Sources */ = {isa = PBXBuildFile; fileRef = 25CFFC601A96192600663225 /* ViewController.swift */; };
		25CFFC641A96192600663225 /* Main.storyboard in Resources */ = {isa = PBXBuildFile; fileRef = 25CFFC621A96192600663225 /* Main.storyboard */; };
		25CFFC661A96192600663225 /* Images.xcassets in Resources */ = {isa = PBXBuildFile; fileRef = 25CFFC651A96192600663225 /* Images.xcassets */; };
		25CFFC691A96192600663225 /* LaunchScreen.xib in Resources */ = {isa = PBXBuildFile; fileRef = 25CFFC671A96192600663225 /* LaunchScreen.xib */; };
		25CFFC751A96192600663225 /* MarvelBrowser_SwiftTests.swift in Sources */ = {isa = PBXBuildFile; fileRef = 25CFFC741A96192600663225 /* MarvelBrowser_SwiftTests.swift */; };
/* End PBXBuildFile section */

/* Begin PBXContainerItemProxy section */
		25CFFC6F1A96192600663225 /* PBXContainerItemProxy */ = {
			isa = PBXContainerItemProxy;
			containerPortal = 25CFFC511A96192600663225 /* Project object */;
			proxyType = 1;
			remoteGlobalIDString = 25CFFC581A96192600663225;
			remoteInfo = "MarvelBrowser-Swift";
		};
/* End PBXContainerItemProxy section */

/* Begin PBXFileReference section */
		25CFFC591A96192600663225 /* MarvelBrowser-Swift.app */ = {isa = PBXFileReference; explicitFileType = wrapper.application; includeInIndex = 0; path = "MarvelBrowser-Swift.app"; sourceTree = BUILT_PRODUCTS_DIR; };
		25CFFC5D1A96192600663225 /* Info.plist */ = {isa = PBXFileReference; lastKnownFileType = text.plist.xml; path = Info.plist; sourceTree = "<group>"; };
		25CFFC5E1A96192600663225 /* AppDelegate.swift */ = {isa = PBXFileReference; lastKnownFileType = sourcecode.swift; path = AppDelegate.swift; sourceTree = "<group>"; };
		25CFFC601A96192600663225 /* ViewController.swift */ = {isa = PBXFileReference; lastKnownFileType = sourcecode.swift; path = ViewController.swift; sourceTree = "<group>"; };
		25CFFC631A96192600663225 /* Base */ = {isa = PBXFileReference; lastKnownFileType = file.storyboard; name = Base; path = Base.lproj/Main.storyboard; sourceTree = "<group>"; };
		25CFFC651A96192600663225 /* Images.xcassets */ = {isa = PBXFileReference; lastKnownFileType = folder.assetcatalog; path = Images.xcassets; sourceTree = "<group>"; };
		25CFFC681A96192600663225 /* Base */ = {isa = PBXFileReference; lastKnownFileType = file.xib; name = Base; path = Base.lproj/LaunchScreen.xib; sourceTree = "<group>"; };
		25CFFC6E1A96192600663225 /* MarvelBrowser-SwiftTests.xctest */ = {isa = PBXFileReference; explicitFileType = wrapper.cfbundle; includeInIndex = 0; path = "MarvelBrowser-SwiftTests.xctest"; sourceTree = BUILT_PRODUCTS_DIR; };
		25CFFC731A96192600663225 /* Info.plist */ = {isa = PBXFileReference; lastKnownFileType = text.plist.xml; path = Info.plist; sourceTree = "<group>"; };
		25CFFC741A96192600663225 /* MarvelBrowser_SwiftTests.swift */ = {isa = PBXFileReference; lastKnownFileType = sourcecode.swift; path = MarvelBrowser_SwiftTests.swift; sourceTree = "<group>"; };
		25EC68B31AADA10E00C16A79 /* configuration.plist.example.plist */ = {isa = PBXFileReference; lastKnownFileType = text.plist.xml; name = configuration.plist.example.plist; path = Resources/configuration.plist.example.plist; sourceTree = "<group>"; };
/* End PBXFileReference section */

/* Begin PBXFrameworksBuildPhase section */
		25CFFC561A96192600663225 /* Frameworks */ = {
			isa = PBXFrameworksBuildPhase;
			buildActionMask = 2147483647;
			files = (
			);
			runOnlyForDeploymentPostprocessing = 0;
		};
		25CFFC6B1A96192600663225 /* Frameworks */ = {
			isa = PBXFrameworksBuildPhase;
			buildActionMask = 2147483647;
			files = (
			);
			runOnlyForDeploymentPostprocessing = 0;
		};
/* End PBXFrameworksBuildPhase section */

/* Begin PBXGroup section */
		25CFFC501A96192600663225 = {
			isa = PBXGroup;
			children = (
				25CFFC5B1A96192600663225 /* MarvelBrowser-Swift */,
				25CFFC711A96192600663225 /* MarvelBrowser-SwiftTests */,
				25CFFC5A1A96192600663225 /* Products */,
			);
			sourceTree = "<group>";
		};
		25CFFC5A1A96192600663225 /* Products */ = {
			isa = PBXGroup;
			children = (
				25CFFC591A96192600663225 /* MarvelBrowser-Swift.app */,
				25CFFC6E1A96192600663225 /* MarvelBrowser-SwiftTests.xctest */,
			);
			name = Products;
			sourceTree = "<group>";
		};
		25CFFC5B1A96192600663225 /* MarvelBrowser-Swift */ = {
			isa = PBXGroup;
			children = (
				25CFFC5E1A96192600663225 /* AppDelegate.swift */,
				25CFFC601A96192600663225 /* ViewController.swift */,
				25CFFC621A96192600663225 /* Main.storyboard */,
				25CFFC651A96192600663225 /* Images.xcassets */,
				25CFFC671A96192600663225 /* LaunchScreen.xib */,
				25CFFC5C1A96192600663225 /* Supporting Files */,
			);
			path = "MarvelBrowser-Swift";
			sourceTree = "<group>";
		};
		25CFFC5C1A96192600663225 /* Supporting Files */ = {
			isa = PBXGroup;
			children = (
				25CFFC5D1A96192600663225 /* Info.plist */,
				25EC68B31AADA10E00C16A79 /* configuration.plist.example.plist */,
			);
			name = "Supporting Files";
			sourceTree = "<group>";
		};
		25CFFC711A96192600663225 /* MarvelBrowser-SwiftTests */ = {
			isa = PBXGroup;
			children = (
				25CFFC741A96192600663225 /* MarvelBrowser_SwiftTests.swift */,
				25CFFC721A96192600663225 /* Supporting Files */,
			);
			path = "MarvelBrowser-SwiftTests";
			sourceTree = "<group>";
		};
		25CFFC721A96192600663225 /* Supporting Files */ = {
			isa = PBXGroup;
			children = (
				25CFFC731A96192600663225 /* Info.plist */,
			);
			name = "Supporting Files";
			sourceTree = "<group>";
		};
/* End PBXGroup section */

/* Begin PBXNativeTarget section */
		25CFFC581A96192600663225 /* MarvelBrowser-Swift */ = {
			isa = PBXNativeTarget;
			buildConfigurationList = 25CFFC781A96192600663225 /* Build configuration list for PBXNativeTarget "MarvelBrowser-Swift" */;
			buildPhases = (
				25CFFC551A96192600663225 /* Sources */,
				25CFFC561A96192600663225 /* Frameworks */,
				25CFFC571A96192600663225 /* Resources */,
			);
			buildRules = (
			);
			dependencies = (
			);
			name = "MarvelBrowser-Swift";
			productName = "MarvelBrowser-Swift";
			productReference = 25CFFC591A96192600663225 /* MarvelBrowser-Swift.app */;
			productType = "com.apple.product-type.application";
		};
		25CFFC6D1A96192600663225 /* MarvelBrowser-SwiftTests */ = {
			isa = PBXNativeTarget;
			buildConfigurationList = 25CFFC7B1A96192600663225 /* Build configuration list for PBXNativeTarget "MarvelBrowser-SwiftTests" */;
			buildPhases = (
				25CFFC6A1A96192600663225 /* Sources */,
				25CFFC6B1A96192600663225 /* Frameworks */,
				25CFFC6C1A96192600663225 /* Resources */,
			);
			buildRules = (
			);
			dependencies = (
				25CFFC701A96192600663225 /* PBXTargetDependency */,
			);
			name = "MarvelBrowser-SwiftTests";
			productName = "MarvelBrowser-SwiftTests";
			productReference = 25CFFC6E1A96192600663225 /* MarvelBrowser-SwiftTests.xctest */;
			productType = "com.apple.product-type.bundle.unit-test";
		};
/* End PBXNativeTarget section */

/* Begin PBXProject section */
		25CFFC511A96192600663225 /* Project object */ = {
			isa = PBXProject;
			attributes = {
				LastUpgradeCheck = 0610;
				ORGANIZATIONNAME = "francesco bigagnoli";
				TargetAttributes = {
					25CFFC581A96192600663225 = {
						CreatedOnToolsVersion = 6.1.1;
					};
					25CFFC6D1A96192600663225 = {
						CreatedOnToolsVersion = 6.1.1;
						TestTargetID = 25CFFC581A96192600663225;
					};
				};
			};
			buildConfigurationList = 25CFFC541A96192600663225 /* Build configuration list for PBXProject "MarvelBrowser-Swift" */;
			compatibilityVersion = "Xcode 3.2";
			developmentRegion = English;
			hasScannedForEncodings = 0;
			knownRegions = (
				en,
				Base,
			);
			mainGroup = 25CFFC501A96192600663225;
			productRefGroup = 25CFFC5A1A96192600663225 /* Products */;
			projectDirPath = "";
			projectRoot = "";
			targets = (
				25CFFC581A96192600663225 /* MarvelBrowser-Swift */,
				25CFFC6D1A96192600663225 /* MarvelBrowser-SwiftTests */,
			);
		};
/* End PBXProject section */

/* Begin PBXResourcesBuildPhase section */
		25CFFC571A96192600663225 /* Resources */ = {
			isa = PBXResourcesBuildPhase;
			buildActionMask = 2147483647;
			files = (
				25CFFC641A96192600663225 /* Main.storyboard in Resources */,
				25CFFC691A96192600663225 /* LaunchScreen.xib in Resources */,
				25CFFC661A96192600663225 /* Images.xcassets in Resources */,
			);
			runOnlyForDeploymentPostprocessing = 0;
		};
		25CFFC6C1A96192600663225 /* Resources */ = {
			isa = PBXResourcesBuildPhase;
			buildActionMask = 2147483647;
			files = (
			);
			runOnlyForDeploymentPostprocessing = 0;
		};
/* End PBXResourcesBuildPhase section */

/* Begin PBXSourcesBuildPhase section */
		25CFFC551A96192600663225 /* Sources */ = {
			isa = PBXSourcesBuildPhase;
			buildActionMask = 2147483647;
			files = (
				25CFFC611A96192600663225 /* ViewController.swift in Sources */,
				25CFFC5F1A96192600663225 /* AppDelegate.swift in Sources */,
			);
			runOnlyForDeploymentPostprocessing = 0;
		};
		25CFFC6A1A96192600663225 /* Sources */ = {
			isa = PBXSourcesBuildPhase;
			buildActionMask = 2147483647;
			files = (
				25CFFC751A96192600663225 /* MarvelBrowser_SwiftTests.swift in Sources */,
			);
			runOnlyForDeploymentPostprocessing = 0;
		};
/* End PBXSourcesBuildPhase section */

/* Begin PBXTargetDependency section */
		25CFFC701A96192600663225 /* PBXTargetDependency */ = {
			isa = PBXTargetDependency;
			target = 25CFFC581A96192600663225 /* MarvelBrowser-Swift */;
			targetProxy = 25CFFC6F1A96192600663225 /* PBXContainerItemProxy */;
		};
/* End PBXTargetDependency section */

/* Begin PBXVariantGroup section */
		25CFFC621A96192600663225 /* Main.storyboard */ = {
			isa = PBXVariantGroup;
			children = (
				25CFFC631A96192600663225 /* Base */,
			);
			name = Main.storyboard;
			sourceTree = "<group>";
		};
		25CFFC671A96192600663225 /* LaunchScreen.xib */ = {
			isa = PBXVariantGroup;
			children = (
				25CFFC681A96192600663225 /* Base */,
			);
			name = LaunchScreen.xib;
			sourceTree = "<group>";
		};
/* End PBXVariantGroup section */

/* Begin XCBuildConfiguration section */
		25CFFC761A96192600663225 /* Debug */ = {
			isa = XCBuildConfiguration;
			buildSettings = {
				ALWAYS_SEARCH_USER_PATHS = NO;
				CLANG_CXX_LANGUAGE_STANDARD = "gnu++0x";
				CLANG_CXX_LIBRARY = "libc++";
				CLANG_ENABLE_MODULES = YES;
				CLANG_ENABLE_OBJC_ARC = YES;
				CLANG_WARN_BOOL_CONVERSION = YES;
				CLANG_WARN_CONSTANT_CONVERSION = YES;
				CLANG_WARN_DIRECT_OBJC_ISA_USAGE = YES_ERROR;
				CLANG_WARN_EMPTY_BODY = YES;
				CLANG_WARN_ENUM_CONVERSION = YES;
				CLANG_WARN_INT_CONVERSION = YES;
				CLANG_WARN_OBJC_ROOT_CLASS = YES_ERROR;
				CLANG_WARN_UNREACHABLE_CODE = YES;
				CLANG_WARN__DUPLICATE_METHOD_MATCH = YES;
				"CODE_SIGN_IDENTITY[sdk=iphoneos*]" = "iPhone Developer";
				COPY_PHASE_STRIP = NO;
				ENABLE_STRICT_OBJC_MSGSEND = YES;
				GCC_C_LANGUAGE_STANDARD = gnu99;
				GCC_DYNAMIC_NO_PIC = NO;
				GCC_OPTIMIZATION_LEVEL = 0;
				GCC_PREPROCESSOR_DEFINITIONS = (
					"DEBUG=1",
					"$(inherited)",
				);
				GCC_SYMBOLS_PRIVATE_EXTERN = NO;
				GCC_TREAT_WARNINGS_AS_ERRORS = YES;
				GCC_WARN_64_TO_32_BIT_CONVERSION = YES;
				GCC_WARN_ABOUT_RETURN_TYPE = YES_ERROR;
				GCC_WARN_UNDECLARED_SELECTOR = YES;
				GCC_WARN_UNINITIALIZED_AUTOS = YES_AGGRESSIVE;
				GCC_WARN_UNUSED_FUNCTION = YES;
				GCC_WARN_UNUSED_VARIABLE = YES;
				IPHONEOS_DEPLOYMENT_TARGET = 8.1;
				MTL_ENABLE_DEBUG_INFO = YES;
				ONLY_ACTIVE_ARCH = YES;
				SDKROOT = iphoneos;
				SWIFT_OPTIMIZATION_LEVEL = "-Onone";
				TARGETED_DEVICE_FAMILY = "1,2";
			};
			name = Debug;
		};
		25CFFC771A96192600663225 /* Release */ = {
			isa = XCBuildConfiguration;
			buildSettings = {
				ALWAYS_SEARCH_USER_PATHS = NO;
				CLANG_CXX_LANGUAGE_STANDARD = "gnu++0x";
				CLANG_CXX_LIBRARY = "libc++";
				CLANG_ENABLE_MODULES = YES;
				CLANG_ENABLE_OBJC_ARC = YES;
				CLANG_WARN_BOOL_CONVERSION = YES;
				CLANG_WARN_CONSTANT_CONVERSION = YES;
				CLANG_WARN_DIRECT_OBJC_ISA_USAGE = YES_ERROR;
				CLANG_WARN_EMPTY_BODY = YES;
				CLANG_WARN_ENUM_CONVERSION = YES;
				CLANG_WARN_INT_CONVERSION = YES;
				CLANG_WARN_OBJC_ROOT_CLASS = YES_ERROR;
				CLANG_WARN_UNREACHABLE_CODE = YES;
				CLANG_WARN__DUPLICATE_METHOD_MATCH = YES;
				"CODE_SIGN_IDENTITY[sdk=iphoneos*]" = "iPhone Developer";
				COPY_PHASE_STRIP = YES;
				ENABLE_NS_ASSERTIONS = NO;
				ENABLE_STRICT_OBJC_MSGSEND = YES;
				GCC_C_LANGUAGE_STANDARD = gnu99;
				GCC_TREAT_WARNINGS_AS_ERRORS = YES;
				GCC_WARN_64_TO_32_BIT_CONVERSION = YES;
				GCC_WARN_ABOUT_RETURN_TYPE = YES_ERROR;
				GCC_WARN_UNDECLARED_SELECTOR = YES;
				GCC_WARN_UNINITIALIZED_AUTOS = YES_AGGRESSIVE;
				GCC_WARN_UNUSED_FUNCTION = YES;
				GCC_WARN_UNUSED_VARIABLE = YES;
				IPHONEOS_DEPLOYMENT_TARGET = 8.1;
				MTL_ENABLE_DEBUG_INFO = NO;
				SDKROOT = iphoneos;
				TARGETED_DEVICE_FAMILY = "1,2";
				VALIDATE_PRODUCT = YES;
			};
			name = Release;
		};
		25CFFC791A96192600663225 /* Debug */ = {
			isa = XCBuildConfiguration;
			buildSettings = {
				ASSETCATALOG_COMPILER_APPICON_NAME = AppIcon;
				GCC_TREAT_WARNINGS_AS_ERRORS = YES;
				INFOPLIST_FILE = "MarvelBrowser-Swift/Info.plist";
				LD_RUNPATH_SEARCH_PATHS = "$(inherited) @executable_path/Frameworks";
				PRODUCT_NAME = "$(TARGET_NAME)";
			};
			name = Debug;
		};
		25CFFC7A1A96192600663225 /* Release */ = {
			isa = XCBuildConfiguration;
			buildSettings = {
				ASSETCATALOG_COMPILER_APPICON_NAME = AppIcon;
				GCC_TREAT_WARNINGS_AS_ERRORS = YES;
				INFOPLIST_FILE = "MarvelBrowser-Swift/Info.plist";
				LD_RUNPATH_SEARCH_PATHS = "$(inherited) @executable_path/Frameworks";
				PRODUCT_NAME = "$(TARGET_NAME)";
			};
			name = Release;
		};
		25CFFC7C1A96192600663225 /* Debug */ = {
			isa = XCBuildConfiguration;
			buildSettings = {
				BUNDLE_LOADER = "$(TEST_HOST)";
				FRAMEWORK_SEARCH_PATHS = (
					"$(SDKROOT)/Developer/Library/Frameworks",
					"$(inherited)",
				);
				GCC_PREPROCESSOR_DEFINITIONS = (
					"DEBUG=1",
					"$(inherited)",
				);
				INFOPLIST_FILE = "MarvelBrowser-SwiftTests/Info.plist";
				LD_RUNPATH_SEARCH_PATHS = "$(inherited) @executable_path/Frameworks @loader_path/Frameworks";
				PRODUCT_NAME = "$(TARGET_NAME)";
				TEST_HOST = "$(BUILT_PRODUCTS_DIR)/MarvelBrowser-Swift.app/MarvelBrowser-Swift";
			};
			name = Debug;
		};
		25CFFC7D1A96192600663225 /* Release */ = {
			isa = XCBuildConfiguration;
			buildSettings = {
				BUNDLE_LOADER = "$(TEST_HOST)";
				FRAMEWORK_SEARCH_PATHS = (
					"$(SDKROOT)/Developer/Library/Frameworks",
					"$(inherited)",
				);
				INFOPLIST_FILE = "MarvelBrowser-SwiftTests/Info.plist";
				LD_RUNPATH_SEARCH_PATHS = "$(inherited) @executable_path/Frameworks @loader_path/Frameworks";
				PRODUCT_NAME = "$(TARGET_NAME)";
				TEST_HOST = "$(BUILT_PRODUCTS_DIR)/MarvelBrowser-Swift.app/MarvelBrowser-Swift";
			};
			name = Release;
		};
/* End XCBuildConfiguration section */

/* Begin XCConfigurationList section */
		25CFFC541A96192600663225 /* Build configuration list for PBXProject "MarvelBrowser-Swift" */ = {
			isa = XCConfigurationList;
			buildConfigurations = (
				25CFFC761A96192600663225 /* Debug */,
				25CFFC771A96192600663225 /* Release */,
			);
			defaultConfigurationIsVisible = 0;
			defaultConfigurationName = Release;
		};
		25CFFC781A96192600663225 /* Build configuration list for PBXNativeTarget "MarvelBrowser-Swift" */ = {
			isa = XCConfigurationList;
			buildConfigurations = (
				25CFFC791A96192600663225 /* Debug */,
				25CFFC7A1A96192600663225 /* Release */,
			);
			defaultConfigurationIsVisible = 0;
			defaultConfigurationName = Release;
		};
		25CFFC7B1A96192600663225 /* Build configuration list for PBXNativeTarget "MarvelBrowser-SwiftTests" */ = {
			isa = XCConfigurationList;
			buildConfigurations = (
				25CFFC7C1A96192600663225 /* Debug */,
				25CFFC7D1A96192600663225 /* Release */,
			);
			defaultConfigurationIsVisible = 0;
			defaultConfigurationName = Release;
		};
/* End XCConfigurationList section */
	};
	rootObject = 25CFFC511A96192600663225 /* Project object */;
}
